
Microsoft Visual Studio Solution File, Format Version 12.00
# Visual Studio 2013
VisualStudioVersion = 12.0.21005.1
MinimumVisualStudioVersion = 10.0.40219.1
Project("{FAE04EC0-301F-11D3-BF4B-00C04F79EFBC}") = "Salespoint.Web", "Salespoint.Web\Salespoint.Web.csproj", "{CAEC95B4-B7C5-486D-9F23-6428112366BA}"
EndProject
Project("{FAE04EC0-301F-11D3-BF4B-00C04F79EFBC}") = "Salespoint.Web.Tests", "Salespoint.Web.Tests\Salespoint.Web.Tests.csproj", "{BEAE7574-23F2-475D-B248-B1478F953904}"
EndProject
Global
	GlobalSection(SolutionConfigurationPlatforms) = preSolution
		Debug|Any CPU = Debug|Any CPU
		Release|Any CPU = Release|Any CPU
	EndGlobalSection
	GlobalSection(ProjectConfigurationPlatforms) = postSolution
		{CAEC95B4-B7C5-486D-9F23-6428112366BA}.Debug|Any CPU.ActiveCfg = Debug|Any CPU
		{CAEC95B4-B7C5-486D-9F23-6428112366BA}.Debug|Any CPU.Build.0 = Debug|Any CPU
		{CAEC95B4-B7C5-486D-9F23-6428112366BA}.Release|Any CPU.ActiveCfg = Release|Any CPU
		{CAEC95B4-B7C5-486D-9F23-6428112366BA}.Release|Any CPU.Build.0 = Release|Any CPU
		{BEAE7574-23F2-475D-B248-B1478F953904}.Debug|Any CPU.ActiveCfg = Debug|Any CPU
		{BEAE7574-23F2-475D-B248-B1478F953904}.Debug|Any CPU.Build.0 = Debug|Any CPU
		{BEAE7574-23F2-475D-B248-B1478F953904}.Release|Any CPU.ActiveCfg = Release|Any CPU
		{BEAE7574-23F2-475D-B248-B1478F953904}.Release|Any CPU.Build.0 = Release|Any CPU
	EndGlobalSection
	GlobalSection(SolutionProperties) = preSolution
		HideSolutionNode = FALSE
	EndGlobalSection
EndGlobal
